// !$*UTF8*$!
{
	archiveVersion = 1;
	classes = {
	};
	objectVersion = 46;
	objects = {

/* Begin PBXBuildFile section */
		3F28DEB61EB1ED1F00483B29 /* NaploViewController.swift in Sources */ = {isa = PBXBuildFile; fileRef = 3F28DEB51EB1ED1F00483B29 /* NaploViewController.swift */; };
		3F60D9351EB1E5FA00B27E42 /* AppDelegate.swift in Sources */ = {isa = PBXBuildFile; fileRef = 3F60D9341EB1E5FA00B27E42 /* AppDelegate.swift */; };
		3F60D93A1EB1E5FA00B27E42 /* Main.storyboard in Resources */ = {isa = PBXBuildFile; fileRef = 3F60D9381EB1E5FA00B27E42 /* Main.storyboard */; };
		3F60D93D1EB1E5FA00B27E42 /* ios_telemed.xcdatamodeld in Sources */ = {isa = PBXBuildFile; fileRef = 3F60D93B1EB1E5FA00B27E42 /* ios_telemed.xcdatamodeld */; };
		3F60D93F1EB1E5FA00B27E42 /* Assets.xcassets in Resources */ = {isa = PBXBuildFile; fileRef = 3F60D93E1EB1E5FA00B27E42 /* Assets.xcassets */; };
		3F60D9421EB1E5FA00B27E42 /* LaunchScreen.storyboard in Resources */ = {isa = PBXBuildFile; fileRef = 3F60D9401EB1E5FA00B27E42 /* LaunchScreen.storyboard */; };
		7117BFAD1EB8FDDE000A7AC9 /* UjBejegyzesViewController.swift in Sources */ = {isa = PBXBuildFile; fileRef = 7117BFAC1EB8FDDE000A7AC9 /* UjBejegyzesViewController.swift */; };
		B2649D6D1EB791DD00FF2D8F /* GyogyszerModel.swift in Sources */ = {isa = PBXBuildFile; fileRef = B2649D6C1EB791DD00FF2D8F /* GyogyszerModel.swift */; };
		B2649D6F1EB7952000FF2D8F /* GyogyszerViewController.swift in Sources */ = {isa = PBXBuildFile; fileRef = B2649D6E1EB7952000FF2D8F /* GyogyszerViewController.swift */; };
		B2649D711EB79E0B00FF2D8F /* StringsHU.strings in Resources */ = {isa = PBXBuildFile; fileRef = B2649D701EB79E0B00FF2D8F /* StringsHU.strings */; };
/* End PBXBuildFile section */

/* Begin PBXFileReference section */
		3F28DEB51EB1ED1F00483B29 /* NaploViewController.swift */ = {isa = PBXFileReference; fileEncoding = 4; lastKnownFileType = sourcecode.swift; path = NaploViewController.swift; sourceTree = "<group>"; };
		3F60D9311EB1E5FA00B27E42 /* ios-telemed.app */ = {isa = PBXFileReference; explicitFileType = wrapper.application; includeInIndex = 0; path = "ios-telemed.app"; sourceTree = BUILT_PRODUCTS_DIR; };
		3F60D9341EB1E5FA00B27E42 /* AppDelegate.swift */ = {isa = PBXFileReference; lastKnownFileType = sourcecode.swift; path = AppDelegate.swift; sourceTree = "<group>"; };
		3F60D9391EB1E5FA00B27E42 /* Base */ = {isa = PBXFileReference; lastKnownFileType = file.storyboard; name = Base; path = Base.lproj/Main.storyboard; sourceTree = "<group>"; };
		3F60D93C1EB1E5FA00B27E42 /* ios_telemed.xcdatamodel */ = {isa = PBXFileReference; lastKnownFileType = wrapper.xcdatamodel; path = ios_telemed.xcdatamodel; sourceTree = "<group>"; };
		3F60D93E1EB1E5FA00B27E42 /* Assets.xcassets */ = {isa = PBXFileReference; lastKnownFileType = folder.assetcatalog; path = Assets.xcassets; sourceTree = "<group>"; };
		3F60D9411EB1E5FA00B27E42 /* Base */ = {isa = PBXFileReference; lastKnownFileType = file.storyboard; name = Base; path = Base.lproj/LaunchScreen.storyboard; sourceTree = "<group>"; };
		3F60D9431EB1E5FA00B27E42 /* Info.plist */ = {isa = PBXFileReference; lastKnownFileType = text.plist.xml; path = Info.plist; sourceTree = "<group>"; };
		7117BFAC1EB8FDDE000A7AC9 /* UjBejegyzesViewController.swift */ = {isa = PBXFileReference; fileEncoding = 4; lastKnownFileType = sourcecode.swift; path = UjBejegyzesViewController.swift; sourceTree = "<group>"; };
		B2649D6C1EB791DD00FF2D8F /* GyogyszerModel.swift */ = {isa = PBXFileReference; fileEncoding = 4; lastKnownFileType = sourcecode.swift; path = GyogyszerModel.swift; sourceTree = "<group>"; };
		B2649D6E1EB7952000FF2D8F /* GyogyszerViewController.swift */ = {isa = PBXFileReference; fileEncoding = 4; lastKnownFileType = sourcecode.swift; path = GyogyszerViewController.swift; sourceTree = "<group>"; };
		B2649D701EB79E0B00FF2D8F /* StringsHU.strings */ = {isa = PBXFileReference; fileEncoding = 4; lastKnownFileType = text.plist.strings; path = StringsHU.strings; sourceTree = "<group>"; };
/* End PBXFileReference section */

/* Begin PBXFrameworksBuildPhase section */
		3F60D92E1EB1E5FA00B27E42 /* Frameworks */ = {
			isa = PBXFrameworksBuildPhase;
			buildActionMask = 2147483647;
			files = (
			);
			runOnlyForDeploymentPostprocessing = 0;
		};
/* End PBXFrameworksBuildPhase section */

/* Begin PBXGroup section */
		3F60D9281EB1E5FA00B27E42 = {
			isa = PBXGroup;
			children = (
				3F60D9331EB1E5FA00B27E42 /* ios-telemed */,
				3F60D9321EB1E5FA00B27E42 /* Products */,
			);
			sourceTree = "<group>";
		};
		3F60D9321EB1E5FA00B27E42 /* Products */ = {
			isa = PBXGroup;
			children = (
				3F60D9311EB1E5FA00B27E42 /* ios-telemed.app */,
			);
			name = Products;
			sourceTree = "<group>";
		};
		3F60D9331EB1E5FA00B27E42 /* ios-telemed */ = {
			isa = PBXGroup;
			children = (
				3F60D9341EB1E5FA00B27E42 /* AppDelegate.swift */,
				3F28DEB51EB1ED1F00483B29 /* NaploViewController.swift */,
				7117BFAC1EB8FDDE000A7AC9 /* UjBejegyzesViewController.swift */,
				B2649D6E1EB7952000FF2D8F /* GyogyszerViewController.swift */,
				B2649D6C1EB791DD00FF2D8F /* GyogyszerModel.swift */,
				3F60D9381EB1E5FA00B27E42 /* Main.storyboard */,
				3F60D93E1EB1E5FA00B27E42 /* Assets.xcassets */,
				3F60D9401EB1E5FA00B27E42 /* LaunchScreen.storyboard */,
				3F60D9431EB1E5FA00B27E42 /* Info.plist */,
				3F60D93B1EB1E5FA00B27E42 /* ios_telemed.xcdatamodeld */,
				B2649D701EB79E0B00FF2D8F /* StringsHU.strings */,
			);
			path = "ios-telemed";
			sourceTree = "<group>";
		};
/* End PBXGroup section */

/* Begin PBXNativeTarget section */
		3F60D9301EB1E5FA00B27E42 /* ios-telemed */ = {
			isa = PBXNativeTarget;
			buildConfigurationList = 3F60D9461EB1E5FA00B27E42 /* Build configuration list for PBXNativeTarget "ios-telemed" */;
			buildPhases = (
				3F60D92D1EB1E5FA00B27E42 /* Sources */,
				3F60D92E1EB1E5FA00B27E42 /* Frameworks */,
				3F60D92F1EB1E5FA00B27E42 /* Resources */,
			);
			buildRules = (
			);
			dependencies = (
			);
			name = "ios-telemed";
			productName = "ios-telemed";
			productReference = 3F60D9311EB1E5FA00B27E42 /* ios-telemed.app */;
			productType = "com.apple.product-type.application";
		};
/* End PBXNativeTarget section */

/* Begin PBXProject section */
		3F60D9291EB1E5FA00B27E42 /* Project object */ = {
			isa = PBXProject;
			attributes = {
				LastSwiftUpdateCheck = 0820;
				LastUpgradeCheck = 0820;
				ORGANIZATIONNAME = ios2017;
				TargetAttributes = {
					3F60D9301EB1E5FA00B27E42 = {
						CreatedOnToolsVersion = 8.2.1;
						DevelopmentTeam = PJ36P93S8P;
						ProvisioningStyle = Automatic;
					};
				};
			};
			buildConfigurationList = 3F60D92C1EB1E5FA00B27E42 /* Build configuration list for PBXProject "ios-telemed" */;
			compatibilityVersion = "Xcode 3.2";
			developmentRegion = English;
			hasScannedForEncodings = 0;
			knownRegions = (
				en,
				Base,
			);
			mainGroup = 3F60D9281EB1E5FA00B27E42;
			productRefGroup = 3F60D9321EB1E5FA00B27E42 /* Products */;
			projectDirPath = "";
			projectRoot = "";
			targets = (
				3F60D9301EB1E5FA00B27E42 /* ios-telemed */,
			);
		};
/* End PBXProject section */

/* Begin PBXResourcesBuildPhase section */
		3F60D92F1EB1E5FA00B27E42 /* Resources */ = {
			isa = PBXResourcesBuildPhase;
			buildActionMask = 2147483647;
			files = (
				B2649D711EB79E0B00FF2D8F /* StringsHU.strings in Resources */,
				3F60D9421EB1E5FA00B27E42 /* LaunchScreen.storyboard in Resources */,
				3F60D93F1EB1E5FA00B27E42 /* Assets.xcassets in Resources */,
				3F60D93A1EB1E5FA00B27E42 /* Main.storyboard in Resources */,
			);
			runOnlyForDeploymentPostprocessing = 0;
		};
/* End PBXResourcesBuildPhase section */

/* Begin PBXSourcesBuildPhase section */
		3F60D92D1EB1E5FA00B27E42 /* Sources */ = {
			isa = PBXSourcesBuildPhase;
			buildActionMask = 2147483647;
			files = (
				B2649D6D1EB791DD00FF2D8F /* GyogyszerModel.swift in Sources */,
				3F28DEB61EB1ED1F00483B29 /* NaploViewController.swift in Sources */,
				7117BFAD1EB8FDDE000A7AC9 /* UjBejegyzesViewController.swift in Sources */,
				3F60D93D1EB1E5FA00B27E42 /* ios_telemed.xcdatamodeld in Sources */,
				B2649D6F1EB7952000FF2D8F /* GyogyszerViewController.swift in Sources */,
				3F60D9351EB1E5FA00B27E42 /* AppDelegate.swift in Sources */,
			);
			runOnlyForDeploymentPostprocessing = 0;
		};
/* End PBXSourcesBuildPhase section */

/* Begin PBXVariantGroup section */
		3F60D9381EB1E5FA00B27E42 /* Main.storyboard */ = {
			isa = PBXVariantGroup;
			children = (
				3F60D9391EB1E5FA00B27E42 /* Base */,
			);
			name = Main.storyboard;
			sourceTree = "<group>";
		};
		3F60D9401EB1E5FA00B27E42 /* LaunchScreen.storyboard */ = {
			isa = PBXVariantGroup;
			children = (
				3F60D9411EB1E5FA00B27E42 /* Base */,
			);
			name = LaunchScreen.storyboard;
			sourceTree = "<group>";
		};
/* End PBXVariantGroup section */

/* Begin XCBuildConfiguration section */
		3F60D9441EB1E5FA00B27E42 /* Debug */ = {
			isa = XCBuildConfiguration;
			buildSettings = {
				ALWAYS_SEARCH_USER_PATHS = NO;
				CLANG_ANALYZER_NONNULL = YES;
				CLANG_CXX_LANGUAGE_STANDARD = "gnu++0x";
				CLANG_CXX_LIBRARY = "libc++";
				CLANG_ENABLE_MODULES = YES;
				CLANG_ENABLE_OBJC_ARC = YES;
				CLANG_WARN_BOOL_CONVERSION = YES;
				CLANG_WARN_CONSTANT_CONVERSION = YES;
				CLANG_WARN_DIRECT_OBJC_ISA_USAGE = YES_ERROR;
				CLANG_WARN_DOCUMENTATION_COMMENTS = YES;
				CLANG_WARN_EMPTY_BODY = YES;
				CLANG_WARN_ENUM_CONVERSION = YES;
				CLANG_WARN_INFINITE_RECURSION = YES;
				CLANG_WARN_INT_CONVERSION = YES;
				CLANG_WARN_OBJC_ROOT_CLASS = YES_ERROR;
				CLANG_WARN_SUSPICIOUS_MOVE = YES;
				CLANG_WARN_UNREACHABLE_CODE = YES;
				CLANG_WARN__DUPLICATE_METHOD_MATCH = YES;
				"CODE_SIGN_IDENTITY[sdk=iphoneos*]" = "iPhone Developer";
				COPY_PHASE_STRIP = NO;
				DEBUG_INFORMATION_FORMAT = dwarf;
				ENABLE_STRICT_OBJC_MSGSEND = YES;
				ENABLE_TESTABILITY = YES;
				GCC_C_LANGUAGE_STANDARD = gnu99;
				GCC_DYNAMIC_NO_PIC = NO;
				GCC_NO_COMMON_BLOCKS = YES;
				GCC_OPTIMIZATION_LEVEL = 0;
				GCC_PREPROCESSOR_DEFINITIONS = (
					"DEBUG=1",
					"$(inherited)",
				);
				GCC_WARN_64_TO_32_BIT_CONVERSION = YES;
				GCC_WARN_ABOUT_RETURN_TYPE = YES_ERROR;
				GCC_WARN_UNDECLARED_SELECTOR = YES;
				GCC_WARN_UNINITIALIZED_AUTOS = YES_AGGRESSIVE;
				GCC_WARN_UNUSED_FUNCTION = YES;
				GCC_WARN_UNUSED_VARIABLE = YES;
				IPHONEOS_DEPLOYMENT_TARGET = 10.2;
				MTL_ENABLE_DEBUG_INFO = YES;
				ONLY_ACTIVE_ARCH = YES;
				SDKROOT = iphoneos;
				SWIFT_ACTIVE_COMPILATION_CONDITIONS = DEBUG;
				SWIFT_OPTIMIZATION_LEVEL = "-Onone";
				TARGETED_DEVICE_FAMILY = "1,2";
			};
			name = Debug;
		};
		3F60D9451EB1E5FA00B27E42 /* Release */ = {
			isa = XCBuildConfiguration;
			buildSettings = {
				ALWAYS_SEARCH_USER_PATHS = NO;
				CLANG_ANALYZER_NONNULL = YES;
				CLANG_CXX_LANGUAGE_STANDARD = "gnu++0x";
				CLANG_CXX_LIBRARY = "libc++";
				CLANG_ENABLE_MODULES = YES;
				CLANG_ENABLE_OBJC_ARC = YES;
				CLANG_WARN_BOOL_CONVERSION = YES;
				CLANG_WARN_CONSTANT_CONVERSION = YES;
				CLANG_WARN_DIRECT_OBJC_ISA_USAGE = YES_ERROR;
				CLANG_WARN_DOCUMENTATION_COMMENTS = YES;
				CLANG_WARN_EMPTY_BODY = YES;
				CLANG_WARN_ENUM_CONVERSION = YES;
				CLANG_WARN_INFINITE_RECURSION = YES;
				CLANG_WARN_INT_CONVERSION = YES;
				CLANG_WARN_OBJC_ROOT_CLASS = YES_ERROR;
				CLANG_WARN_SUSPICIOUS_MOVE = YES;
				CLANG_WARN_UNREACHABLE_CODE = YES;
				CLANG_WARN__DUPLICATE_METHOD_MATCH = YES;
				"CODE_SIGN_IDENTITY[sdk=iphoneos*]" = "iPhone Developer";
				COPY_PHASE_STRIP = NO;
				DEBUG_INFORMATION_FORMAT = "dwarf-with-dsym";
				ENABLE_NS_ASSERTIONS = NO;
				ENABLE_STRICT_OBJC_MSGSEND = YES;
				GCC_C_LANGUAGE_STANDARD = gnu99;
				GCC_NO_COMMON_BLOCKS = YES;
				GCC_WARN_64_TO_32_BIT_CONVERSION = YES;
				GCC_WARN_ABOUT_RETURN_TYPE = YES_ERROR;
				GCC_WARN_UNDECLARED_SELECTOR = YES;
				GCC_WARN_UNINITIALIZED_AUTOS = YES_AGGRESSIVE;
				GCC_WARN_UNUSED_FUNCTION = YES;
				GCC_WARN_UNUSED_VARIABLE = YES;
				IPHONEOS_DEPLOYMENT_TARGET = 10.2;
				MTL_ENABLE_DEBUG_INFO = NO;
				SDKROOT = iphoneos;
				SWIFT_OPTIMIZATION_LEVEL = "-Owholemodule";
				TARGETED_DEVICE_FAMILY = "1,2";
				VALIDATE_PRODUCT = YES;
			};
			name = Release;
		};
		3F60D9471EB1E5FA00B27E42 /* Debug */ = {
			isa = XCBuildConfiguration;
			buildSettings = {
				ASSETCATALOG_COMPILER_APPICON_NAME = AppIcon;
				DEVELOPMENT_TEAM = PJ36P93S8P;
				INFOPLIST_FILE = "ios-telemed/Info.plist";
				LD_RUNPATH_SEARCH_PATHS = "$(inherited) @executable_path/Frameworks";
				PRODUCT_BUNDLE_IDENTIFIER = "ios2017.ios-telemed";
				PRODUCT_NAME = "$(TARGET_NAME)";
				SWIFT_VERSION = 3.0;
			};
			name = Debug;
		};
		3F60D9481EB1E5FA00B27E42 /* Release */ = {
			isa = XCBuildConfiguration;
			buildSettings = {
				ASSETCATALOG_COMPILER_APPICON_NAME = AppIcon;
				DEVELOPMENT_TEAM = PJ36P93S8P;
				INFOPLIST_FILE = "ios-telemed/Info.plist";
				LD_RUNPATH_SEARCH_PATHS = "$(inherited) @executable_path/Frameworks";
				PRODUCT_BUNDLE_IDENTIFIER = "ios2017.ios-telemed";
				PRODUCT_NAME = "$(TARGET_NAME)";
				SWIFT_VERSION = 3.0;
			};
			name = Release;
		};
/* End XCBuildConfiguration section */

/* Begin XCConfigurationList section */
		3F60D92C1EB1E5FA00B27E42 /* Build configuration list for PBXProject "ios-telemed" */ = {
			isa = XCConfigurationList;
			buildConfigurations = (
				3F60D9441EB1E5FA00B27E42 /* Debug */,
				3F60D9451EB1E5FA00B27E42 /* Release */,
			);
			defaultConfigurationIsVisible = 0;
			defaultConfigurationName = Release;
		};
		3F60D9461EB1E5FA00B27E42 /* Build configuration list for PBXNativeTarget "ios-telemed" */ = {
			isa = XCConfigurationList;
			buildConfigurations = (
				3F60D9471EB1E5FA00B27E42 /* Debug */,
				3F60D9481EB1E5FA00B27E42 /* Release */,
			);
			defaultConfigurationIsVisible = 0;
			defaultConfigurationName = Release;
		};
/* End XCConfigurationList section */

/* Begin XCVersionGroup section */
		3F60D93B1EB1E5FA00B27E42 /* ios_telemed.xcdatamodeld */ = {
			isa = XCVersionGroup;
			children = (
				3F60D93C1EB1E5FA00B27E42 /* ios_telemed.xcdatamodel */,
			);
			currentVersion = 3F60D93C1EB1E5FA00B27E42 /* ios_telemed.xcdatamodel */;
			path = ios_telemed.xcdatamodeld;
			sourceTree = "<group>";
			versionGroupType = wrapper.xcdatamodel;
		};
/* End XCVersionGroup section */
	};
	rootObject = 3F60D9291EB1E5FA00B27E42 /* Project object */;
}
