// !$*UTF8*$!
{
	archiveVersion = 1;
	classes = {
	};
	objectVersion = 46;
	objects = {

/* Begin PBXBuildFile section */
		3F28DEB61EB1ED1F00483B29 /* NaploViewController.swift in Sources */ = {isa = PBXBuildFile; fileRef = 3F28DEB51EB1ED1F00483B29 /* NaploViewController.swift */; };
		3F60D9351EB1E5FA00B27E42 /* AppDelegate.swift in Sources */ = {isa = PBXBuildFile; fileRef = 3F60D9341EB1E5FA00B27E42 /* AppDelegate.swift */; };
		3F60D93A1EB1E5FA00B27E42 /* Main.storyboard in Resources */ = {isa = PBXBuildFile; fileRef = 3F60D9381EB1E5FA00B27E42 /* Main.storyboard */; };
		3F60D93D1EB1E5FA00B27E42 /* ios_telemed.xcdatamodeld in Sources */ = {isa = PBXBuildFile; fileRef = 3F60D93B1EB1E5FA00B27E42 /* ios_telemed.xcdatamodeld */; };
		3F60D93F1EB1E5FA00B27E42 /* Assets.xcassets in Resources */ = {isa = PBXBuildFile; fileRef = 3F60D93E1EB1E5FA00B27E42 /* Assets.xcassets */; };
		3F60D9421EB1E5FA00B27E42 /* LaunchScreen.storyboard in Resources */ = {isa = PBXBuildFile; fileRef = 3F60D9401EB1E5FA00B27E42 /* LaunchScreen.storyboard */; };
		7117BFAD1EB8FDDE000A7AC9 /* UjBejegyzesViewController.swift in Sources */ = {isa = PBXBuildFile; fileRef = 7117BFAC1EB8FDDE000A7AC9 /* UjBejegyzesViewController.swift */; };
		71A9407E1EC30F3A001718AD /* UjIdopontViewController.swift in Sources */ = {isa = PBXBuildFile; fileRef = 71A9407D1EC30F3A001718AD /* UjIdopontViewController.swift */; };
		71D06CD71ED469FE0054951C /* Charts.framework in Frameworks */ = {isa = PBXBuildFile; fileRef = 71D06CD21ED469C20054951C /* Charts.framework */; };
		71D06CD81ED469FE0054951C /* Charts.framework in Embed Frameworks */ = {isa = PBXBuildFile; fileRef = 71D06CD21ED469C20054951C /* Charts.framework */; settings = {ATTRIBUTES = (CodeSignOnCopy, RemoveHeadersOnCopy, ); }; };
		71D06CDD1ED46FC60054951C /* BarChartViewController.swift in Sources */ = {isa = PBXBuildFile; fileRef = 71D06CDC1ED46FC60054951C /* BarChartViewController.swift */; };
		71F8E4BB1EC21C6500E8C234 /* HealthKit.framework in Frameworks */ = {isa = PBXBuildFile; fileRef = 71F8E4BA1EC21C6500E8C234 /* HealthKit.framework */; };
		71F8E4BD1EC21E2700E8C234 /* IdopontokViewController.swift in Sources */ = {isa = PBXBuildFile; fileRef = 71F8E4BC1EC21E2700E8C234 /* IdopontokViewController.swift */; };
		B2649D6F1EB7952000FF2D8F /* GyogyszerViewController.swift in Sources */ = {isa = PBXBuildFile; fileRef = B2649D6E1EB7952000FF2D8F /* GyogyszerViewController.swift */; };
		B2A95ED71ED4A10300B3BEAA /* UjGyogyszerViewController.swift in Sources */ = {isa = PBXBuildFile; fileRef = B2A95ED61ED4A10300B3BEAA /* UjGyogyszerViewController.swift */; };
/* End PBXBuildFile section */

/* Begin PBXContainerItemProxy section */
		71D06CD11ED469C20054951C /* PBXContainerItemProxy */ = {
			isa = PBXContainerItemProxy;
			containerPortal = 71D06CCB1ED469C10054951C /* Charts.xcodeproj */;
			proxyType = 2;
			remoteGlobalIDString = 06165F241D8110E600722320;
			remoteInfo = Charts;
		};
		71D06CD31ED469C20054951C /* PBXContainerItemProxy */ = {
			isa = PBXContainerItemProxy;
			containerPortal = 71D06CCB1ED469C10054951C /* Charts.xcodeproj */;
			proxyType = 2;
			remoteGlobalIDString = 06B120D51D811E6200D14B02;
			remoteInfo = ChartsRealm;
		};
		71D06CD51ED469C20054951C /* PBXContainerItemProxy */ = {
			isa = PBXContainerItemProxy;
			containerPortal = 71D06CCB1ED469C10054951C /* Charts.xcodeproj */;
			proxyType = 2;
			remoteGlobalIDString = 06165F2E1D8110E600722320;
			remoteInfo = ChartsTests;
		};
		71D06CD91ED469FE0054951C /* PBXContainerItemProxy */ = {
			isa = PBXContainerItemProxy;
			containerPortal = 71D06CCB1ED469C10054951C /* Charts.xcodeproj */;
			proxyType = 1;
			remoteGlobalIDString = 06165F231D8110E600722320;
			remoteInfo = Charts;
		};
/* End PBXContainerItemProxy section */

/* Begin PBXCopyFilesBuildPhase section */
		71D06CDB1ED469FE0054951C /* Embed Frameworks */ = {
			isa = PBXCopyFilesBuildPhase;
			buildActionMask = 2147483647;
			dstPath = "";
			dstSubfolderSpec = 10;
			files = (
				71D06CD81ED469FE0054951C /* Charts.framework in Embed Frameworks */,
			);
			name = "Embed Frameworks";
			runOnlyForDeploymentPostprocessing = 0;
		};
/* End PBXCopyFilesBuildPhase section */

/* Begin PBXFileReference section */
		3F28DEB51EB1ED1F00483B29 /* NaploViewController.swift */ = {isa = PBXFileReference; fileEncoding = 4; lastKnownFileType = sourcecode.swift; path = NaploViewController.swift; sourceTree = "<group>"; };
		3F60D9311EB1E5FA00B27E42 /* ios-telemed.app */ = {isa = PBXFileReference; explicitFileType = wrapper.application; includeInIndex = 0; path = "ios-telemed.app"; sourceTree = BUILT_PRODUCTS_DIR; };
		3F60D9341EB1E5FA00B27E42 /* AppDelegate.swift */ = {isa = PBXFileReference; lastKnownFileType = sourcecode.swift; path = AppDelegate.swift; sourceTree = "<group>"; };
		3F60D9391EB1E5FA00B27E42 /* Base */ = {isa = PBXFileReference; lastKnownFileType = file.storyboard; name = Base; path = Base.lproj/Main.storyboard; sourceTree = "<group>"; };
		3F60D93C1EB1E5FA00B27E42 /* ios_telemed.xcdatamodel */ = {isa = PBXFileReference; lastKnownFileType = wrapper.xcdatamodel; path = ios_telemed.xcdatamodel; sourceTree = "<group>"; };
		3F60D93E1EB1E5FA00B27E42 /* Assets.xcassets */ = {isa = PBXFileReference; lastKnownFileType = folder.assetcatalog; path = Assets.xcassets; sourceTree = "<group>"; };
		3F60D9411EB1E5FA00B27E42 /* Base */ = {isa = PBXFileReference; lastKnownFileType = file.storyboard; name = Base; path = Base.lproj/LaunchScreen.storyboard; sourceTree = "<group>"; };
		3F60D9431EB1E5FA00B27E42 /* Info.plist */ = {isa = PBXFileReference; lastKnownFileType = text.plist.xml; path = Info.plist; sourceTree = "<group>"; };
		7117BFAC1EB8FDDE000A7AC9 /* UjBejegyzesViewController.swift */ = {isa = PBXFileReference; fileEncoding = 4; lastKnownFileType = sourcecode.swift; path = UjBejegyzesViewController.swift; sourceTree = "<group>"; };
		71A9407D1EC30F3A001718AD /* UjIdopontViewController.swift */ = {isa = PBXFileReference; fileEncoding = 4; lastKnownFileType = sourcecode.swift; path = UjIdopontViewController.swift; sourceTree = "<group>"; };
		71D06CCB1ED469C10054951C /* Charts.xcodeproj */ = {isa = PBXFileReference; lastKnownFileType = "wrapper.pb-project"; name = Charts.xcodeproj; path = "ios-telemed/Charts/Charts.xcodeproj"; sourceTree = "<group>"; };
		71D06CDC1ED46FC60054951C /* BarChartViewController.swift */ = {isa = PBXFileReference; fileEncoding = 4; lastKnownFileType = sourcecode.swift; path = BarChartViewController.swift; sourceTree = "<group>"; };
		71F8E4B81EC21C6500E8C234 /* ios-telemed.entitlements */ = {isa = PBXFileReference; lastKnownFileType = text.plist.entitlements; path = "ios-telemed.entitlements"; sourceTree = "<group>"; };
		71F8E4BA1EC21C6500E8C234 /* HealthKit.framework */ = {isa = PBXFileReference; lastKnownFileType = wrapper.framework; name = HealthKit.framework; path = System/Library/Frameworks/HealthKit.framework; sourceTree = SDKROOT; };
		71F8E4BC1EC21E2700E8C234 /* IdopontokViewController.swift */ = {isa = PBXFileReference; fileEncoding = 4; lastKnownFileType = sourcecode.swift; name = IdopontokViewController.swift; path = ../IdopontokViewController.swift; sourceTree = "<group>"; };
		B2649D6E1EB7952000FF2D8F /* GyogyszerViewController.swift */ = {isa = PBXFileReference; fileEncoding = 4; lastKnownFileType = sourcecode.swift; path = GyogyszerViewController.swift; sourceTree = "<group>"; };
		B2A95ED61ED4A10300B3BEAA /* UjGyogyszerViewController.swift */ = {isa = PBXFileReference; fileEncoding = 4; lastKnownFileType = sourcecode.swift; path = UjGyogyszerViewController.swift; sourceTree = "<group>"; };
/* End PBXFileReference section */

/* Begin PBXFrameworksBuildPhase section */
		3F60D92E1EB1E5FA00B27E42 /* Frameworks */ = {
			isa = PBXFrameworksBuildPhase;
			buildActionMask = 2147483647;
			files = (
				71F8E4BB1EC21C6500E8C234 /* HealthKit.framework in Frameworks */,
				71D06CD71ED469FE0054951C /* Charts.framework in Frameworks */,
			);
			runOnlyForDeploymentPostprocessing = 0;
		};
/* End PBXFrameworksBuildPhase section */

/* Begin PBXGroup section */
		3F60D9281EB1E5FA00B27E42 = {
			isa = PBXGroup;
			children = (
				3F60D9331EB1E5FA00B27E42 /* ios-telemed */,
				3F60D9321EB1E5FA00B27E42 /* Products */,
				71F8E4B91EC21C6500E8C234 /* Frameworks */,
			);
			sourceTree = "<group>";
		};
		3F60D9321EB1E5FA00B27E42 /* Products */ = {
			isa = PBXGroup;
			children = (
				3F60D9311EB1E5FA00B27E42 /* ios-telemed.app */,
			);
			name = Products;
			sourceTree = "<group>";
		};
		3F60D9331EB1E5FA00B27E42 /* ios-telemed */ = {
			isa = PBXGroup;
			children = (
				71F8E4B81EC21C6500E8C234 /* ios-telemed.entitlements */,
				3F60D9341EB1E5FA00B27E42 /* AppDelegate.swift */,
				71D06CDC1ED46FC60054951C /* BarChartViewController.swift */,
				3F28DEB51EB1ED1F00483B29 /* NaploViewController.swift */,
				7117BFAC1EB8FDDE000A7AC9 /* UjBejegyzesViewController.swift */,
				B2649D6E1EB7952000FF2D8F /* GyogyszerViewController.swift */,
				71F8E4BC1EC21E2700E8C234 /* IdopontokViewController.swift */,
				71A9407D1EC30F3A001718AD /* UjIdopontViewController.swift */,
				3F60D9381EB1E5FA00B27E42 /* Main.storyboard */,
				3F60D93E1EB1E5FA00B27E42 /* Assets.xcassets */,
				3F60D9401EB1E5FA00B27E42 /* LaunchScreen.storyboard */,
				3F60D9431EB1E5FA00B27E42 /* Info.plist */,
				3F60D93B1EB1E5FA00B27E42 /* ios_telemed.xcdatamodeld */,
				B2A95ED61ED4A10300B3BEAA /* UjGyogyszerViewController.swift */,
			);
			path = "ios-telemed";
			sourceTree = "<group>";
		};
		71D06CCC1ED469C10054951C /* Products */ = {
			isa = PBXGroup;
			children = (
				71D06CD21ED469C20054951C /* Charts.framework */,
				71D06CD41ED469C20054951C /* ChartsRealm.framework */,
				71D06CD61ED469C20054951C /* ChartsTests.xctest */,
			);
			name = Products;
			sourceTree = "<group>";
		};
		71F8E4B91EC21C6500E8C234 /* Frameworks */ = {
			isa = PBXGroup;
			children = (
				71D06CCB1ED469C10054951C /* Charts.xcodeproj */,
				71F8E4BA1EC21C6500E8C234 /* HealthKit.framework */,
			);
			name = Frameworks;
			sourceTree = "<group>";
		};
/* End PBXGroup section */

/* Begin PBXNativeTarget section */
		3F60D9301EB1E5FA00B27E42 /* ios-telemed */ = {
			isa = PBXNativeTarget;
			buildConfigurationList = 3F60D9461EB1E5FA00B27E42 /* Build configuration list for PBXNativeTarget "ios-telemed" */;
			buildPhases = (
				3F60D92D1EB1E5FA00B27E42 /* Sources */,
				3F60D92E1EB1E5FA00B27E42 /* Frameworks */,
				3F60D92F1EB1E5FA00B27E42 /* Resources */,
				71D06CDB1ED469FE0054951C /* Embed Frameworks */,
			);
			buildRules = (
			);
			dependencies = (
				71D06CDA1ED469FE0054951C /* PBXTargetDependency */,
			);
			name = "ios-telemed";
			productName = "ios-telemed";
			productReference = 3F60D9311EB1E5FA00B27E42 /* ios-telemed.app */;
			productType = "com.apple.product-type.application";
		};
/* End PBXNativeTarget section */

/* Begin PBXProject section */
		3F60D9291EB1E5FA00B27E42 /* Project object */ = {
			isa = PBXProject;
			attributes = {
				LastSwiftUpdateCheck = 0820;
				LastUpgradeCheck = 0820;
				ORGANIZATIONNAME = ios2017;
				TargetAttributes = {
					3F60D9301EB1E5FA00B27E42 = {
						CreatedOnToolsVersion = 8.2.1;
						DevelopmentTeam = PJ36P93S8P;
						ProvisioningStyle = Automatic;
						SystemCapabilities = {
							com.apple.HealthKit = {
								enabled = 1;
							};
							com.apple.Push = {
								enabled = 0;
							};
						};
					};
				};
			};
			buildConfigurationList = 3F60D92C1EB1E5FA00B27E42 /* Build configuration list for PBXProject "ios-telemed" */;
			compatibilityVersion = "Xcode 3.2";
			developmentRegion = English;
			hasScannedForEncodings = 0;
			knownRegions = (
				en,
				Base,
			);
			mainGroup = 3F60D9281EB1E5FA00B27E42;
			productRefGroup = 3F60D9321EB1E5FA00B27E42 /* Products */;
			projectDirPath = "";
			projectReferences = (
				{
					ProductGroup = 71D06CCC1ED469C10054951C /* Products */;
					ProjectRef = 71D06CCB1ED469C10054951C /* Charts.xcodeproj */;
				},
			);
			projectRoot = "";
			targets = (
				3F60D9301EB1E5FA00B27E42 /* ios-telemed */,
			);
		};
/* End PBXProject section */

/* Begin PBXReferenceProxy section */
		71D06CD21ED469C20054951C /* Charts.framework */ = {
			isa = PBXReferenceProxy;
			fileType = wrapper.framework;
			path = Charts.framework;
			remoteRef = 71D06CD11ED469C20054951C /* PBXContainerItemProxy */;
			sourceTree = BUILT_PRODUCTS_DIR;
		};
		71D06CD41ED469C20054951C /* ChartsRealm.framework */ = {
			isa = PBXReferenceProxy;
			fileType = wrapper.framework;
			path = ChartsRealm.framework;
			remoteRef = 71D06CD31ED469C20054951C /* PBXContainerItemProxy */;
			sourceTree = BUILT_PRODUCTS_DIR;
		};
		71D06CD61ED469C20054951C /* ChartsTests.xctest */ = {
			isa = PBXReferenceProxy;
			fileType = wrapper.cfbundle;
			path = ChartsTests.xctest;
			remoteRef = 71D06CD51ED469C20054951C /* PBXContainerItemProxy */;
			sourceTree = BUILT_PRODUCTS_DIR;
		};
/* End PBXReferenceProxy section */

/* Begin PBXResourcesBuildPhase section */
		3F60D92F1EB1E5FA00B27E42 /* Resources */ = {
			isa = PBXResourcesBuildPhase;
			buildActionMask = 2147483647;
			files = (
				3F60D9421EB1E5FA00B27E42 /* LaunchScreen.storyboard in Resources */,
				3F60D93F1EB1E5FA00B27E42 /* Assets.xcassets in Resources */,
				3F60D93A1EB1E5FA00B27E42 /* Main.storyboard in Resources */,
			);
			runOnlyForDeploymentPostprocessing = 0;
		};
/* End PBXResourcesBuildPhase section */

/* Begin PBXSourcesBuildPhase section */
		3F60D92D1EB1E5FA00B27E42 /* Sources */ = {
			isa = PBXSourcesBuildPhase;
			buildActionMask = 2147483647;
			files = (
				3F28DEB61EB1ED1F00483B29 /* NaploViewController.swift in Sources */,
				71D06CDD1ED46FC60054951C /* BarChartViewController.swift in Sources */,
				B2A95ED71ED4A10300B3BEAA /* UjGyogyszerViewController.swift in Sources */,
				7117BFAD1EB8FDDE000A7AC9 /* UjBejegyzesViewController.swift in Sources */,
				71A9407E1EC30F3A001718AD /* UjIdopontViewController.swift in Sources */,
				3F60D93D1EB1E5FA00B27E42 /* ios_telemed.xcdatamodeld in Sources */,
				B2649D6F1EB7952000FF2D8F /* GyogyszerViewController.swift in Sources */,
				3F60D9351EB1E5FA00B27E42 /* AppDelegate.swift in Sources */,
				71F8E4BD1EC21E2700E8C234 /* IdopontokViewController.swift in Sources */,
			);
			runOnlyForDeploymentPostprocessing = 0;
		};
/* End PBXSourcesBuildPhase section */

/* Begin PBXTargetDependency section */
		71D06CDA1ED469FE0054951C /* PBXTargetDependency */ = {
			isa = PBXTargetDependency;
			name = Charts;
			targetProxy = 71D06CD91ED469FE0054951C /* PBXContainerItemProxy */;
		};
/* End PBXTargetDependency section */

/* Begin PBXVariantGroup section */
		3F60D9381EB1E5FA00B27E42 /* Main.storyboard */ = {
			isa = PBXVariantGroup;
			children = (
				3F60D9391EB1E5FA00B27E42 /* Base */,
			);
			name = Main.storyboard;
			sourceTree = "<group>";
		};
		3F60D9401EB1E5FA00B27E42 /* LaunchScreen.storyboard */ = {
			isa = PBXVariantGroup;
			children = (
				3F60D9411EB1E5FA00B27E42 /* Base */,
			);
			name = LaunchScreen.storyboard;
			sourceTree = "<group>";
		};
/* End PBXVariantGroup section */

/* Begin XCBuildConfiguration section */
		3F60D9441EB1E5FA00B27E42 /* Debug */ = {
			isa = XCBuildConfiguration;
			buildSettings = {
				ALWAYS_SEARCH_USER_PATHS = NO;
				CLANG_ANALYZER_NONNULL = YES;
				CLANG_CXX_LANGUAGE_STANDARD = "gnu++0x";
				CLANG_CXX_LIBRARY = "libc++";
				CLANG_ENABLE_MODULES = YES;
				CLANG_ENABLE_OBJC_ARC = YES;
				CLANG_WARN_BOOL_CONVERSION = YES;
				CLANG_WARN_CONSTANT_CONVERSION = YES;
				CLANG_WARN_DIRECT_OBJC_ISA_USAGE = YES_ERROR;
				CLANG_WARN_DOCUMENTATION_COMMENTS = YES;
				CLANG_WARN_EMPTY_BODY = YES;
				CLANG_WARN_ENUM_CONVERSION = YES;
				CLANG_WARN_INFINITE_RECURSION = YES;
				CLANG_WARN_INT_CONVERSION = YES;
				CLANG_WARN_OBJC_ROOT_CLASS = YES_ERROR;
				CLANG_WARN_SUSPICIOUS_MOVE = YES;
				CLANG_WARN_UNREACHABLE_CODE = YES;
				CLANG_WARN__DUPLICATE_METHOD_MATCH = YES;
				"CODE_SIGN_IDENTITY[sdk=iphoneos*]" = "iPhone Developer";
				COPY_PHASE_STRIP = NO;
				DEBUG_INFORMATION_FORMAT = dwarf;
				ENABLE_STRICT_OBJC_MSGSEND = YES;
				ENABLE_TESTABILITY = YES;
				GCC_C_LANGUAGE_STANDARD = gnu99;
				GCC_DYNAMIC_NO_PIC = NO;
				GCC_NO_COMMON_BLOCKS = YES;
				GCC_OPTIMIZATION_LEVEL = 0;
				GCC_PREPROCESSOR_DEFINITIONS = (
					"DEBUG=1",
					"$(inherited)",
				);
				GCC_WARN_64_TO_32_BIT_CONVERSION = YES;
				GCC_WARN_ABOUT_RETURN_TYPE = YES_ERROR;
				GCC_WARN_UNDECLARED_SELECTOR = YES;
				GCC_WARN_UNINITIALIZED_AUTOS = YES_AGGRESSIVE;
				GCC_WARN_UNUSED_FUNCTION = YES;
				GCC_WARN_UNUSED_VARIABLE = YES;
				IPHONEOS_DEPLOYMENT_TARGET = 10.2;
				MTL_ENABLE_DEBUG_INFO = YES;
				ONLY_ACTIVE_ARCH = YES;
				SDKROOT = iphoneos;
				SWIFT_ACTIVE_COMPILATION_CONDITIONS = DEBUG;
				SWIFT_OPTIMIZATION_LEVEL = "-Onone";
				TARGETED_DEVICE_FAMILY = "1,2";
			};
			name = Debug;
		};
		3F60D9451EB1E5FA00B27E42 /* Release */ = {
			isa = XCBuildConfiguration;
			buildSettings = {
				ALWAYS_SEARCH_USER_PATHS = NO;
				CLANG_ANALYZER_NONNULL = YES;
				CLANG_CXX_LANGUAGE_STANDARD = "gnu++0x";
				CLANG_CXX_LIBRARY = "libc++";
				CLANG_ENABLE_MODULES = YES;
				CLANG_ENABLE_OBJC_ARC = YES;
				CLANG_WARN_BOOL_CONVERSION = YES;
				CLANG_WARN_CONSTANT_CONVERSION = YES;
				CLANG_WARN_DIRECT_OBJC_ISA_USAGE = YES_ERROR;
				CLANG_WARN_DOCUMENTATION_COMMENTS = YES;
				CLANG_WARN_EMPTY_BODY = YES;
				CLANG_WARN_ENUM_CONVERSION = YES;
				CLANG_WARN_INFINITE_RECURSION = YES;
				CLANG_WARN_INT_CONVERSION = YES;
				CLANG_WARN_OBJC_ROOT_CLASS = YES_ERROR;
				CLANG_WARN_SUSPICIOUS_MOVE = YES;
				CLANG_WARN_UNREACHABLE_CODE = YES;
				CLANG_WARN__DUPLICATE_METHOD_MATCH = YES;
				"CODE_SIGN_IDENTITY[sdk=iphoneos*]" = "iPhone Developer";
				COPY_PHASE_STRIP = NO;
				DEBUG_INFORMATION_FORMAT = "dwarf-with-dsym";
				ENABLE_NS_ASSERTIONS = NO;
				ENABLE_STRICT_OBJC_MSGSEND = YES;
				GCC_C_LANGUAGE_STANDARD = gnu99;
				GCC_NO_COMMON_BLOCKS = YES;
				GCC_WARN_64_TO_32_BIT_CONVERSION = YES;
				GCC_WARN_ABOUT_RETURN_TYPE = YES_ERROR;
				GCC_WARN_UNDECLARED_SELECTOR = YES;
				GCC_WARN_UNINITIALIZED_AUTOS = YES_AGGRESSIVE;
				GCC_WARN_UNUSED_FUNCTION = YES;
				GCC_WARN_UNUSED_VARIABLE = YES;
				IPHONEOS_DEPLOYMENT_TARGET = 10.2;
				MTL_ENABLE_DEBUG_INFO = NO;
				SDKROOT = iphoneos;
				SWIFT_OPTIMIZATION_LEVEL = "-Owholemodule";
				TARGETED_DEVICE_FAMILY = "1,2";
				VALIDATE_PRODUCT = YES;
			};
			name = Release;
		};
		3F60D9471EB1E5FA00B27E42 /* Debug */ = {
			isa = XCBuildConfiguration;
			buildSettings = {
				ALWAYS_EMBED_SWIFT_STANDARD_LIBRARIES = YES;
				ASSETCATALOG_COMPILER_APPICON_NAME = AppIcon;
				CODE_SIGN_ENTITLEMENTS = "ios-telemed/ios-telemed.entitlements";
				DEVELOPMENT_TEAM = PJ36P93S8P;
				INFOPLIST_FILE = "ios-telemed/Info.plist";
				LD_RUNPATH_SEARCH_PATHS = "$(inherited) @executable_path/Frameworks";
				PRODUCT_BUNDLE_IDENTIFIER = hu.sed.healthteam.swiftcourse.terapia;
				PRODUCT_NAME = "$(TARGET_NAME)";
				SWIFT_VERSION = 3.0;
				TARGETED_DEVICE_FAMILY = 1;
			};
			name = Debug;
		};
		3F60D9481EB1E5FA00B27E42 /* Release */ = {
			isa = XCBuildConfiguration;
			buildSettings = {
				ALWAYS_EMBED_SWIFT_STANDARD_LIBRARIES = YES;
				ASSETCATALOG_COMPILER_APPICON_NAME = AppIcon;
				CODE_SIGN_ENTITLEMENTS = "ios-telemed/ios-telemed.entitlements";
				DEVELOPMENT_TEAM = PJ36P93S8P;
				INFOPLIST_FILE = "ios-telemed/Info.plist";
				LD_RUNPATH_SEARCH_PATHS = "$(inherited) @executable_path/Frameworks";
				PRODUCT_BUNDLE_IDENTIFIER = hu.sed.healthteam.swiftcourse.terapia;
				PRODUCT_NAME = "$(TARGET_NAME)";
				SWIFT_VERSION = 3.0;
				TARGETED_DEVICE_FAMILY = 1;
			};
			name = Release;
		};
/* End XCBuildConfiguration section */

/* Begin XCConfigurationList section */
		3F60D92C1EB1E5FA00B27E42 /* Build configuration list for PBXProject "ios-telemed" */ = {
			isa = XCConfigurationList;
			buildConfigurations = (
				3F60D9441EB1E5FA00B27E42 /* Debug */,
				3F60D9451EB1E5FA00B27E42 /* Release */,
			);
			defaultConfigurationIsVisible = 0;
			defaultConfigurationName = Release;
		};
		3F60D9461EB1E5FA00B27E42 /* Build configuration list for PBXNativeTarget "ios-telemed" */ = {
			isa = XCConfigurationList;
			buildConfigurations = (
				3F60D9471EB1E5FA00B27E42 /* Debug */,
				3F60D9481EB1E5FA00B27E42 /* Release */,
			);
			defaultConfigurationIsVisible = 0;
			defaultConfigurationName = Release;
		};
/* End XCConfigurationList section */

/* Begin XCVersionGroup section */
		3F60D93B1EB1E5FA00B27E42 /* ios_telemed.xcdatamodeld */ = {
			isa = XCVersionGroup;
			children = (
				3F60D93C1EB1E5FA00B27E42 /* ios_telemed.xcdatamodel */,
			);
			currentVersion = 3F60D93C1EB1E5FA00B27E42 /* ios_telemed.xcdatamodel */;
			path = ios_telemed.xcdatamodeld;
			sourceTree = "<group>";
			versionGroupType = wrapper.xcdatamodel;
		};
/* End XCVersionGroup section */
	};
	rootObject = 3F60D9291EB1E5FA00B27E42 /* Project object */;
}
